// !$*UTF8*$!
{
	archiveVersion = 1;
	classes = {
	};
	objectVersion = 46;
	objects = {

/* Begin PBXBuildFile section */
		A85A751E19BBEE3D00E3F1D8 /* GasPitstop.m in Sources */ = {isa = PBXBuildFile; fileRef = A85A751B19BBEE3D00E3F1D8 /* GasPitstop.m */; };
		A85A751F19BBEE3D00E3F1D8 /* PitStop.m in Sources */ = {isa = PBXBuildFile; fileRef = A85A751D19BBEE3D00E3F1D8 /* PitStop.m */; };
		A85A752219BBEE5D00E3F1D8 /* FoodPitstop.m in Sources */ = {isa = PBXBuildFile; fileRef = A85A752119BBEE5D00E3F1D8 /* FoodPitstop.m */; };
		A85A752A19BBF2B600E3F1D8 /* DrivingViewController.m in Sources */ = {isa = PBXBuildFile; fileRef = A85A752919BBF2B600E3F1D8 /* DrivingViewController.m */; };
		A85A754019BC022900E3F1D8 /* American.png in Resources */ = {isa = PBXBuildFile; fileRef = A85A752C19BC022900E3F1D8 /* American.png */; };
		A85A754119BC022900E3F1D8 /* Asian.png in Resources */ = {isa = PBXBuildFile; fileRef = A85A752D19BC022900E3F1D8 /* Asian.png */; };
		A85A754219BC022900E3F1D8 /* Bar.png in Resources */ = {isa = PBXBuildFile; fileRef = A85A752E19BC022900E3F1D8 /* Bar.png */; };
		A85A754319BC022900E3F1D8 /* Barbeque.png in Resources */ = {isa = PBXBuildFile; fileRef = A85A752F19BC022900E3F1D8 /* Barbeque.png */; };
		A85A754419BC022900E3F1D8 /* Breakfast.png in Resources */ = {isa = PBXBuildFile; fileRef = A85A753019BC022900E3F1D8 /* Breakfast.png */; };
		A85A754519BC022900E3F1D8 /* Chinese.png in Resources */ = {isa = PBXBuildFile; fileRef = A85A753119BC022900E3F1D8 /* Chinese.png */; };
		A85A754619BC022900E3F1D8 /* Coffee.png in Resources */ = {isa = PBXBuildFile; fileRef = A85A753219BC022900E3F1D8 /* Coffee.png */; };
		A85A754719BC022900E3F1D8 /* Diner.png in Resources */ = {isa = PBXBuildFile; fileRef = A85A753319BC022900E3F1D8 /* Diner.png */; };
		A85A754819BC022900E3F1D8 /* European.png in Resources */ = {isa = PBXBuildFile; fileRef = A85A753419BC022900E3F1D8 /* European.png */; };
		A85A754919BC022900E3F1D8 /* Fast Food.png in Resources */ = {isa = PBXBuildFile; fileRef = A85A753519BC022900E3F1D8 /* Fast Food.png */; };
		A85A754A19BC022900E3F1D8 /* Indian.png in Resources */ = {isa = PBXBuildFile; fileRef = A85A753619BC022900E3F1D8 /* Indian.png */; };
		A85A754B19BC022900E3F1D8 /* Korean.png in Resources */ = {isa = PBXBuildFile; fileRef = A85A753719BC022900E3F1D8 /* Korean.png */; };
		A85A754C19BC022900E3F1D8 /* Mexican.png in Resources */ = {isa = PBXBuildFile; fileRef = A85A753819BC022900E3F1D8 /* Mexican.png */; };
		A85A754D19BC022900E3F1D8 /* Pizza.png in Resources */ = {isa = PBXBuildFile; fileRef = A85A753919BC022900E3F1D8 /* Pizza.png */; };
		A85A754E19BC022900E3F1D8 /* Seafood.png in Resources */ = {isa = PBXBuildFile; fileRef = A85A753A19BC022900E3F1D8 /* Seafood.png */; };
		A85A754F19BC022900E3F1D8 /* Steakhouse.png in Resources */ = {isa = PBXBuildFile; fileRef = A85A753B19BC022900E3F1D8 /* Steakhouse.png */; };
		A85A755019BC022900E3F1D8 /* Sushi.png in Resources */ = {isa = PBXBuildFile; fileRef = A85A753C19BC022900E3F1D8 /* Sushi.png */; };
		A85A755119BC022900E3F1D8 /* Thai.png in Resources */ = {isa = PBXBuildFile; fileRef = A85A753D19BC022900E3F1D8 /* Thai.png */; };
		A85A755219BC022900E3F1D8 /* Vegetarian.png in Resources */ = {isa = PBXBuildFile; fileRef = A85A753E19BC022900E3F1D8 /* Vegetarian.png */; };
		A85A755319BC022900E3F1D8 /* Vietnamese.png in Resources */ = {isa = PBXBuildFile; fileRef = A85A753F19BC022900E3F1D8 /* Vietnamese.png */; };
		A85A755519BC335700E3F1D8 /* checkMark.png in Resources */ = {isa = PBXBuildFile; fileRef = A85A755419BC335700E3F1D8 /* checkMark.png */; };
		A85A755719BC4AE000E3F1D8 /* fiats.png in Resources */ = {isa = PBXBuildFile; fileRef = A85A755619BC4AE000E3F1D8 /* fiats.png */; };
		A85A755919BC4B3D00E3F1D8 /* fiat.png in Resources */ = {isa = PBXBuildFile; fileRef = A85A755819BC4B3D00E3F1D8 /* fiat.png */; };
		A85A755B19BC537400E3F1D8 /* yelpStars.jpg in Resources */ = {isa = PBXBuildFile; fileRef = A85A755A19BC537400E3F1D8 /* yelpStars.jpg */; };
		A85A755E19BC577D00E3F1D8 /* GoogMapsController.m in Sources */ = {isa = PBXBuildFile; fileRef = A85A755D19BC577D00E3F1D8 /* GoogMapsController.m */; };
		A8679E7419BC85F800F2F83F /* addressToLatLon.m in Sources */ = {isa = PBXBuildFile; fileRef = A8679E7319BC85F800F2F83F /* addressToLatLon.m */; };
		A86E7D1019BACBE0006BCAFB /* Foundation.framework in Frameworks */ = {isa = PBXBuildFile; fileRef = A86E7D0F19BACBE0006BCAFB /* Foundation.framework */; };
		A86E7D1219BACBE0006BCAFB /* CoreGraphics.framework in Frameworks */ = {isa = PBXBuildFile; fileRef = A86E7D1119BACBE0006BCAFB /* CoreGraphics.framework */; };
		A86E7D1419BACBE0006BCAFB /* UIKit.framework in Frameworks */ = {isa = PBXBuildFile; fileRef = A86E7D1319BACBE0006BCAFB /* UIKit.framework */; };
		A86E7D1A19BACBE0006BCAFB /* InfoPlist.strings in Resources */ = {isa = PBXBuildFile; fileRef = A86E7D1819BACBE0006BCAFB /* InfoPlist.strings */; };
		A86E7D1C19BACBE0006BCAFB /* main.m in Sources */ = {isa = PBXBuildFile; fileRef = A86E7D1B19BACBE0006BCAFB /* main.m */; };
		A86E7D2019BACBE0006BCAFB /* AppDelegate.m in Sources */ = {isa = PBXBuildFile; fileRef = A86E7D1F19BACBE0006BCAFB /* AppDelegate.m */; };
		A86E7D2619BACBE0006BCAFB /* MainViewController.m in Sources */ = {isa = PBXBuildFile; fileRef = A86E7D2519BACBE0006BCAFB /* MainViewController.m */; };
		A86E7D2919BACBE0006BCAFB /* FlipsideViewController.m in Sources */ = {isa = PBXBuildFile; fileRef = A86E7D2819BACBE0006BCAFB /* FlipsideViewController.m */; };
		A86E7D2B19BACBE0006BCAFB /* Images.xcassets in Resources */ = {isa = PBXBuildFile; fileRef = A86E7D2A19BACBE0006BCAFB /* Images.xcassets */; };
		A86E7D3219BACBE0006BCAFB /* XCTest.framework in Frameworks */ = {isa = PBXBuildFile; fileRef = A86E7D3119BACBE0006BCAFB /* XCTest.framework */; };
		A86E7D3319BACBE0006BCAFB /* Foundation.framework in Frameworks */ = {isa = PBXBuildFile; fileRef = A86E7D0F19BACBE0006BCAFB /* Foundation.framework */; };
		A86E7D3419BACBE0006BCAFB /* UIKit.framework in Frameworks */ = {isa = PBXBuildFile; fileRef = A86E7D1319BACBE0006BCAFB /* UIKit.framework */; };
		A86E7D3C19BACBE0006BCAFB /* InfoPlist.strings in Resources */ = {isa = PBXBuildFile; fileRef = A86E7D3A19BACBE0006BCAFB /* InfoPlist.strings */; };
		A86E7D3E19BACBE0006BCAFB /* Pitstop_PalTests.m in Sources */ = {isa = PBXBuildFile; fileRef = A86E7D3D19BACBE0006BCAFB /* Pitstop_PalTests.m */; };
		A86E7DCE19BB312E006BCAFB /* Main.storyboard in Resources */ = {isa = PBXBuildFile; fileRef = A86E7DCD19BB312E006BCAFB /* Main.storyboard */; };
		A86E7DD119BB3156006BCAFB /* arrow-icon-left.png in Resources */ = {isa = PBXBuildFile; fileRef = A86E7DCF19BB3156006BCAFB /* arrow-icon-left.png */; };
		A86E7DD219BB3156006BCAFB /* arrow-icon-right.png in Resources */ = {isa = PBXBuildFile; fileRef = A86E7DD019BB3156006BCAFB /* arrow-icon-right.png */; };
		A86E7DD519BB31D1006BCAFB /* in-n-out-logo.jpg in Resources */ = {isa = PBXBuildFile; fileRef = A86E7DD319BB31D1006BCAFB /* in-n-out-logo.jpg */; };
		A86E7DD619BB31D1006BCAFB /* shell_logo.png in Resources */ = {isa = PBXBuildFile; fileRef = A86E7DD419BB31D1006BCAFB /* shell_logo.png */; };
		A86E7DD819BB33E6006BCAFB /* Sample_map.png in Resources */ = {isa = PBXBuildFile; fileRef = A86E7DD719BB33E6006BCAFB /* Sample_map.png */; };
		DECD593E19BB1BAF00951DFD /* blueButtonBackground1.png in Resources */ = {isa = PBXBuildFile; fileRef = DECD592619BB1BAF00951DFD /* blueButtonBackground1.png */; };
		DECD593F19BB1BAF00951DFD /* greenBackgroundButton1.png in Resources */ = {isa = PBXBuildFile; fileRef = DECD592719BB1BAF00951DFD /* greenBackgroundButton1.png */; };
		DECD594019BB1BAF00951DFD /* roadtrip1.jpg in Resources */ = {isa = PBXBuildFile; fileRef = DECD592819BB1BAF00951DFD /* roadtrip1.jpg */; };
		DECD594119BB1BAF00951DFD /* settings1.png in Resources */ = {isa = PBXBuildFile; fileRef = DECD592919BB1BAF00951DFD /* settings1.png */; };
		FD91C5FD19BAD1AA00C59027 /* GoogleMaps.framework in Frameworks */ = {isa = PBXBuildFile; fileRef = FD91C5FC19BAD1AA00C59027 /* GoogleMaps.framework */; };
		FD91C5FF19BAD35400C59027 /* GoogleMaps.bundle in Resources */ = {isa = PBXBuildFile; fileRef = FD91C5FE19BAD35400C59027 /* GoogleMaps.bundle */; };
		FD91C60119BAD38000C59027 /* AVFoundation.framework in Frameworks */ = {isa = PBXBuildFile; fileRef = FD91C60019BAD38000C59027 /* AVFoundation.framework */; };
		FD91C60319BAD38700C59027 /* CoreData.framework in Frameworks */ = {isa = PBXBuildFile; fileRef = FD91C60219BAD38700C59027 /* CoreData.framework */; };
		FD91C60519BAD39000C59027 /* CoreLocation.framework in Frameworks */ = {isa = PBXBuildFile; fileRef = FD91C60419BAD39000C59027 /* CoreLocation.framework */; };
		FD91C60719BAD39800C59027 /* CoreText.framework in Frameworks */ = {isa = PBXBuildFile; fileRef = FD91C60619BAD39800C59027 /* CoreText.framework */; };
		FD91C60919BAD3A000C59027 /* GLKit.framework in Frameworks */ = {isa = PBXBuildFile; fileRef = FD91C60819BAD3A000C59027 /* GLKit.framework */; };
		FD91C60B19BAD3A500C59027 /* ImageIO.framework in Frameworks */ = {isa = PBXBuildFile; fileRef = FD91C60A19BAD3A500C59027 /* ImageIO.framework */; };
		FD91C60D19BAD3AF00C59027 /* libc++.dylib in Frameworks */ = {isa = PBXBuildFile; fileRef = FD91C60C19BAD3AF00C59027 /* libc++.dylib */; };
		FD91C60F19BAD3C700C59027 /* libz.dylib in Frameworks */ = {isa = PBXBuildFile; fileRef = FD91C60E19BAD3C700C59027 /* libz.dylib */; };
		FD91C61119BAD3CF00C59027 /* OpenGLES.framework in Frameworks */ = {isa = PBXBuildFile; fileRef = FD91C61019BAD3CF00C59027 /* OpenGLES.framework */; };
		FD91C61319BAD3D600C59027 /* QuartzCore.framework in Frameworks */ = {isa = PBXBuildFile; fileRef = FD91C61219BAD3D600C59027 /* QuartzCore.framework */; };
		FD91C61519BAD3DE00C59027 /* SystemConfiguration.framework in Frameworks */ = {isa = PBXBuildFile; fileRef = FD91C61419BAD3DE00C59027 /* SystemConfiguration.framework */; };
/* End PBXBuildFile section */

/* Begin PBXContainerItemProxy section */
		A86E7D3519BACBE0006BCAFB /* PBXContainerItemProxy */ = {
			isa = PBXContainerItemProxy;
			containerPortal = A86E7D0419BACBE0006BCAFB /* Project object */;
			proxyType = 1;
			remoteGlobalIDString = A86E7D0B19BACBE0006BCAFB;
			remoteInfo = "Pitstop Pal";
		};
/* End PBXContainerItemProxy section */

/* Begin PBXFileReference section */
		8075374BB2F94052B950B0F5 /* Pods-Pitstop Pal.xcconfig */ = {isa = PBXFileReference; includeInIndex = 1; lastKnownFileType = text.xcconfig; name = "Pods-Pitstop Pal.xcconfig"; path = "Pods/Pods-Pitstop Pal.xcconfig"; sourceTree = "<group>"; };
		905489049E4048108CF3F9CB /* libPods-Pitstop Pal.a */ = {isa = PBXFileReference; explicitFileType = archive.ar; includeInIndex = 0; path = "libPods-Pitstop Pal.a"; sourceTree = BUILT_PRODUCTS_DIR; };
		A85A751819BBC94100E3F1D8 /* Podfile */ = {isa = PBXFileReference; lastKnownFileType = text; path = Podfile; sourceTree = "<group>"; };
		A85A751A19BBEE3D00E3F1D8 /* GasPitstop.h */ = {isa = PBXFileReference; fileEncoding = 4; lastKnownFileType = sourcecode.c.h; path = GasPitstop.h; sourceTree = "<group>"; };
		A85A751B19BBEE3D00E3F1D8 /* GasPitstop.m */ = {isa = PBXFileReference; fileEncoding = 4; lastKnownFileType = sourcecode.c.objc; path = GasPitstop.m; sourceTree = "<group>"; };
		A85A751C19BBEE3D00E3F1D8 /* PitStop.h */ = {isa = PBXFileReference; fileEncoding = 4; lastKnownFileType = sourcecode.c.h; path = PitStop.h; sourceTree = "<group>"; };
		A85A751D19BBEE3D00E3F1D8 /* PitStop.m */ = {isa = PBXFileReference; fileEncoding = 4; lastKnownFileType = sourcecode.c.objc; path = PitStop.m; sourceTree = "<group>"; };
		A85A752019BBEE5D00E3F1D8 /* FoodPitstop.h */ = {isa = PBXFileReference; fileEncoding = 4; lastKnownFileType = sourcecode.c.h; path = FoodPitstop.h; sourceTree = "<group>"; };
		A85A752119BBEE5D00E3F1D8 /* FoodPitstop.m */ = {isa = PBXFileReference; fileEncoding = 4; lastKnownFileType = sourcecode.c.objc; path = FoodPitstop.m; sourceTree = "<group>"; };
		A85A752819BBF2B600E3F1D8 /* DrivingViewController.h */ = {isa = PBXFileReference; fileEncoding = 4; lastKnownFileType = sourcecode.c.h; path = DrivingViewController.h; sourceTree = "<group>"; };
		A85A752919BBF2B600E3F1D8 /* DrivingViewController.m */ = {isa = PBXFileReference; fileEncoding = 4; lastKnownFileType = sourcecode.c.objc; path = DrivingViewController.m; sourceTree = "<group>"; };
		A85A752C19BC022900E3F1D8 /* American.png */ = {isa = PBXFileReference; lastKnownFileType = image.png; path = American.png; sourceTree = "<group>"; };
		A85A752D19BC022900E3F1D8 /* Asian.png */ = {isa = PBXFileReference; lastKnownFileType = image.png; path = Asian.png; sourceTree = "<group>"; };
		A85A752E19BC022900E3F1D8 /* Bar.png */ = {isa = PBXFileReference; lastKnownFileType = image.png; path = Bar.png; sourceTree = "<group>"; };
		A85A752F19BC022900E3F1D8 /* Barbeque.png */ = {isa = PBXFileReference; lastKnownFileType = image.png; path = Barbeque.png; sourceTree = "<group>"; };
		A85A753019BC022900E3F1D8 /* Breakfast.png */ = {isa = PBXFileReference; lastKnownFileType = image.png; path = Breakfast.png; sourceTree = "<group>"; };
		A85A753119BC022900E3F1D8 /* Chinese.png */ = {isa = PBXFileReference; lastKnownFileType = image.png; path = Chinese.png; sourceTree = "<group>"; };
		A85A753219BC022900E3F1D8 /* Coffee.png */ = {isa = PBXFileReference; lastKnownFileType = image.png; path = Coffee.png; sourceTree = "<group>"; };
		A85A753319BC022900E3F1D8 /* Diner.png */ = {isa = PBXFileReference; lastKnownFileType = image.png; path = Diner.png; sourceTree = "<group>"; };
		A85A753419BC022900E3F1D8 /* European.png */ = {isa = PBXFileReference; lastKnownFileType = image.png; path = European.png; sourceTree = "<group>"; };
		A85A753519BC022900E3F1D8 /* Fast Food.png */ = {isa = PBXFileReference; lastKnownFileType = image.png; path = "Fast Food.png"; sourceTree = "<group>"; };
		A85A753619BC022900E3F1D8 /* Indian.png */ = {isa = PBXFileReference; lastKnownFileType = image.png; path = Indian.png; sourceTree = "<group>"; };
		A85A753719BC022900E3F1D8 /* Korean.png */ = {isa = PBXFileReference; lastKnownFileType = image.png; path = Korean.png; sourceTree = "<group>"; };
		A85A753819BC022900E3F1D8 /* Mexican.png */ = {isa = PBXFileReference; lastKnownFileType = image.png; path = Mexican.png; sourceTree = "<group>"; };
		A85A753919BC022900E3F1D8 /* Pizza.png */ = {isa = PBXFileReference; lastKnownFileType = image.png; path = Pizza.png; sourceTree = "<group>"; };
		A85A753A19BC022900E3F1D8 /* Seafood.png */ = {isa = PBXFileReference; lastKnownFileType = image.png; path = Seafood.png; sourceTree = "<group>"; };
		A85A753B19BC022900E3F1D8 /* Steakhouse.png */ = {isa = PBXFileReference; lastKnownFileType = image.png; path = Steakhouse.png; sourceTree = "<group>"; };
		A85A753C19BC022900E3F1D8 /* Sushi.png */ = {isa = PBXFileReference; lastKnownFileType = image.png; path = Sushi.png; sourceTree = "<group>"; };
		A85A753D19BC022900E3F1D8 /* Thai.png */ = {isa = PBXFileReference; lastKnownFileType = image.png; path = Thai.png; sourceTree = "<group>"; };
		A85A753E19BC022900E3F1D8 /* Vegetarian.png */ = {isa = PBXFileReference; lastKnownFileType = image.png; path = Vegetarian.png; sourceTree = "<group>"; };
		A85A753F19BC022900E3F1D8 /* Vietnamese.png */ = {isa = PBXFileReference; lastKnownFileType = image.png; path = Vietnamese.png; sourceTree = "<group>"; };
		A85A755419BC335700E3F1D8 /* checkMark.png */ = {isa = PBXFileReference; lastKnownFileType = image.png; path = checkMark.png; sourceTree = "<group>"; };
		A85A755619BC4AE000E3F1D8 /* fiats.png */ = {isa = PBXFileReference; lastKnownFileType = image.png; path = fiats.png; sourceTree = "<group>"; };
		A85A755819BC4B3D00E3F1D8 /* fiat.png */ = {isa = PBXFileReference; lastKnownFileType = image.png; path = fiat.png; sourceTree = "<group>"; };
		A85A755A19BC537400E3F1D8 /* yelpStars.jpg */ = {isa = PBXFileReference; lastKnownFileType = image.jpeg; path = yelpStars.jpg; sourceTree = "<group>"; };
		A85A755C19BC577D00E3F1D8 /* GoogMapsController.h */ = {isa = PBXFileReference; fileEncoding = 4; lastKnownFileType = sourcecode.c.h; path = GoogMapsController.h; sourceTree = "<group>"; };
		A85A755D19BC577D00E3F1D8 /* GoogMapsController.m */ = {isa = PBXFileReference; fileEncoding = 4; lastKnownFileType = sourcecode.c.objc; path = GoogMapsController.m; sourceTree = "<group>"; };
		A8679E7219BC85F800F2F83F /* addressToLatLon.h */ = {isa = PBXFileReference; fileEncoding = 4; lastKnownFileType = sourcecode.c.h; path = addressToLatLon.h; sourceTree = "<group>"; };
		A8679E7319BC85F800F2F83F /* addressToLatLon.m */ = {isa = PBXFileReference; fileEncoding = 4; lastKnownFileType = sourcecode.c.objc; path = addressToLatLon.m; sourceTree = "<group>"; };
		A8679E7519BC93B600F2F83F /* AFNetworking.h */ = {isa = PBXFileReference; fileEncoding = 4; lastKnownFileType = sourcecode.c.h; path = AFNetworking.h; sourceTree = "<group>"; };
		A86E7D0C19BACBE0006BCAFB /* Pitstop Pal.app */ = {isa = PBXFileReference; explicitFileType = wrapper.application; includeInIndex = 0; path = "Pitstop Pal.app"; sourceTree = BUILT_PRODUCTS_DIR; };
		A86E7D0F19BACBE0006BCAFB /* Foundation.framework */ = {isa = PBXFileReference; lastKnownFileType = wrapper.framework; name = Foundation.framework; path = System/Library/Frameworks/Foundation.framework; sourceTree = SDKROOT; };
		A86E7D1119BACBE0006BCAFB /* CoreGraphics.framework */ = {isa = PBXFileReference; lastKnownFileType = wrapper.framework; name = CoreGraphics.framework; path = System/Library/Frameworks/CoreGraphics.framework; sourceTree = SDKROOT; };
		A86E7D1319BACBE0006BCAFB /* UIKit.framework */ = {isa = PBXFileReference; lastKnownFileType = wrapper.framework; name = UIKit.framework; path = System/Library/Frameworks/UIKit.framework; sourceTree = SDKROOT; };
		A86E7D1719BACBE0006BCAFB /* Pitstop Pal-Info.plist */ = {isa = PBXFileReference; lastKnownFileType = text.plist.xml; path = "Pitstop Pal-Info.plist"; sourceTree = "<group>"; };
		A86E7D1919BACBE0006BCAFB /* en */ = {isa = PBXFileReference; lastKnownFileType = text.plist.strings; name = en; path = en.lproj/InfoPlist.strings; sourceTree = "<group>"; };
		A86E7D1B19BACBE0006BCAFB /* main.m */ = {isa = PBXFileReference; lastKnownFileType = sourcecode.c.objc; path = main.m; sourceTree = "<group>"; };
		A86E7D1D19BACBE0006BCAFB /* Pitstop Pal-Prefix.pch */ = {isa = PBXFileReference; lastKnownFileType = sourcecode.c.h; path = "Pitstop Pal-Prefix.pch"; sourceTree = "<group>"; };
		A86E7D1E19BACBE0006BCAFB /* AppDelegate.h */ = {isa = PBXFileReference; lastKnownFileType = sourcecode.c.h; path = AppDelegate.h; sourceTree = "<group>"; };
		A86E7D1F19BACBE0006BCAFB /* AppDelegate.m */ = {isa = PBXFileReference; lastKnownFileType = sourcecode.c.objc; path = AppDelegate.m; sourceTree = "<group>"; };
		A86E7D2419BACBE0006BCAFB /* MainViewController.h */ = {isa = PBXFileReference; lastKnownFileType = sourcecode.c.h; path = MainViewController.h; sourceTree = "<group>"; };
		A86E7D2519BACBE0006BCAFB /* MainViewController.m */ = {isa = PBXFileReference; lastKnownFileType = sourcecode.c.objc; path = MainViewController.m; sourceTree = "<group>"; };
		A86E7D2719BACBE0006BCAFB /* FlipsideViewController.h */ = {isa = PBXFileReference; lastKnownFileType = sourcecode.c.h; path = FlipsideViewController.h; sourceTree = "<group>"; };
		A86E7D2819BACBE0006BCAFB /* FlipsideViewController.m */ = {isa = PBXFileReference; lastKnownFileType = sourcecode.c.objc; path = FlipsideViewController.m; sourceTree = "<group>"; };
		A86E7D2A19BACBE0006BCAFB /* Images.xcassets */ = {isa = PBXFileReference; lastKnownFileType = folder.assetcatalog; path = Images.xcassets; sourceTree = "<group>"; };
		A86E7D3019BACBE0006BCAFB /* Pitstop PalTests.xctest */ = {isa = PBXFileReference; explicitFileType = wrapper.cfbundle; includeInIndex = 0; path = "Pitstop PalTests.xctest"; sourceTree = BUILT_PRODUCTS_DIR; };
		A86E7D3119BACBE0006BCAFB /* XCTest.framework */ = {isa = PBXFileReference; lastKnownFileType = wrapper.framework; name = XCTest.framework; path = Library/Frameworks/XCTest.framework; sourceTree = DEVELOPER_DIR; };
		A86E7D3919BACBE0006BCAFB /* Pitstop PalTests-Info.plist */ = {isa = PBXFileReference; lastKnownFileType = text.plist.xml; path = "Pitstop PalTests-Info.plist"; sourceTree = "<group>"; };
		A86E7D3B19BACBE0006BCAFB /* en */ = {isa = PBXFileReference; lastKnownFileType = text.plist.strings; name = en; path = en.lproj/InfoPlist.strings; sourceTree = "<group>"; };
		A86E7D3D19BACBE0006BCAFB /* Pitstop_PalTests.m */ = {isa = PBXFileReference; lastKnownFileType = sourcecode.c.objc; path = Pitstop_PalTests.m; sourceTree = "<group>"; };
		A86E7DCD19BB312E006BCAFB /* Main.storyboard */ = {isa = PBXFileReference; fileEncoding = 4; lastKnownFileType = file.storyboard; path = Main.storyboard; sourceTree = "<group>"; };
		A86E7DCF19BB3156006BCAFB /* arrow-icon-left.png */ = {isa = PBXFileReference; lastKnownFileType = image.png; path = "arrow-icon-left.png"; sourceTree = "<group>"; };
		A86E7DD019BB3156006BCAFB /* arrow-icon-right.png */ = {isa = PBXFileReference; lastKnownFileType = image.png; path = "arrow-icon-right.png"; sourceTree = "<group>"; };
		A86E7DD319BB31D1006BCAFB /* in-n-out-logo.jpg */ = {isa = PBXFileReference; lastKnownFileType = image.jpeg; path = "in-n-out-logo.jpg"; sourceTree = "<group>"; };
		A86E7DD419BB31D1006BCAFB /* shell_logo.png */ = {isa = PBXFileReference; lastKnownFileType = image.png; path = shell_logo.png; sourceTree = "<group>"; };
		A86E7DD719BB33E6006BCAFB /* Sample_map.png */ = {isa = PBXFileReference; lastKnownFileType = image.png; path = Sample_map.png; sourceTree = "<group>"; };
		DECD592619BB1BAF00951DFD /* blueButtonBackground1.png */ = {isa = PBXFileReference; lastKnownFileType = image.png; path = blueButtonBackground1.png; sourceTree = "<group>"; };
		DECD592719BB1BAF00951DFD /* greenBackgroundButton1.png */ = {isa = PBXFileReference; lastKnownFileType = image.png; path = greenBackgroundButton1.png; sourceTree = "<group>"; };
		DECD592819BB1BAF00951DFD /* roadtrip1.jpg */ = {isa = PBXFileReference; lastKnownFileType = image.jpeg; path = roadtrip1.jpg; sourceTree = "<group>"; };
		DECD592919BB1BAF00951DFD /* settings1.png */ = {isa = PBXFileReference; lastKnownFileType = image.png; path = settings1.png; sourceTree = "<group>"; };
		FD91C5FC19BAD1AA00C59027 /* GoogleMaps.framework */ = {isa = PBXFileReference; lastKnownFileType = wrapper.framework; path = GoogleMaps.framework; sourceTree = "<group>"; };
		FD91C5FE19BAD35400C59027 /* GoogleMaps.bundle */ = {isa = PBXFileReference; lastKnownFileType = "wrapper.plug-in"; name = GoogleMaps.bundle; path = GoogleMaps.framework/Versions/A/Resources/GoogleMaps.bundle; sourceTree = "<group>"; };
		FD91C60019BAD38000C59027 /* AVFoundation.framework */ = {isa = PBXFileReference; lastKnownFileType = wrapper.framework; name = AVFoundation.framework; path = System/Library/Frameworks/AVFoundation.framework; sourceTree = SDKROOT; };
		FD91C60219BAD38700C59027 /* CoreData.framework */ = {isa = PBXFileReference; lastKnownFileType = wrapper.framework; name = CoreData.framework; path = System/Library/Frameworks/CoreData.framework; sourceTree = SDKROOT; };
		FD91C60419BAD39000C59027 /* CoreLocation.framework */ = {isa = PBXFileReference; lastKnownFileType = wrapper.framework; name = CoreLocation.framework; path = System/Library/Frameworks/CoreLocation.framework; sourceTree = SDKROOT; };
		FD91C60619BAD39800C59027 /* CoreText.framework */ = {isa = PBXFileReference; lastKnownFileType = wrapper.framework; name = CoreText.framework; path = System/Library/Frameworks/CoreText.framework; sourceTree = SDKROOT; };
		FD91C60819BAD3A000C59027 /* GLKit.framework */ = {isa = PBXFileReference; lastKnownFileType = wrapper.framework; name = GLKit.framework; path = System/Library/Frameworks/GLKit.framework; sourceTree = SDKROOT; };
		FD91C60A19BAD3A500C59027 /* ImageIO.framework */ = {isa = PBXFileReference; lastKnownFileType = wrapper.framework; name = ImageIO.framework; path = System/Library/Frameworks/ImageIO.framework; sourceTree = SDKROOT; };
		FD91C60C19BAD3AF00C59027 /* libc++.dylib */ = {isa = PBXFileReference; lastKnownFileType = "compiled.mach-o.dylib"; name = "libc++.dylib"; path = "usr/lib/libc++.dylib"; sourceTree = SDKROOT; };
		FD91C60E19BAD3C700C59027 /* libz.dylib */ = {isa = PBXFileReference; lastKnownFileType = "compiled.mach-o.dylib"; name = libz.dylib; path = usr/lib/libz.dylib; sourceTree = SDKROOT; };
		FD91C61019BAD3CF00C59027 /* OpenGLES.framework */ = {isa = PBXFileReference; lastKnownFileType = wrapper.framework; name = OpenGLES.framework; path = System/Library/Frameworks/OpenGLES.framework; sourceTree = SDKROOT; };
		FD91C61219BAD3D600C59027 /* QuartzCore.framework */ = {isa = PBXFileReference; lastKnownFileType = wrapper.framework; name = QuartzCore.framework; path = System/Library/Frameworks/QuartzCore.framework; sourceTree = SDKROOT; };
		FD91C61419BAD3DE00C59027 /* SystemConfiguration.framework */ = {isa = PBXFileReference; lastKnownFileType = wrapper.framework; name = SystemConfiguration.framework; path = System/Library/Frameworks/SystemConfiguration.framework; sourceTree = SDKROOT; };
/* End PBXFileReference section */

/* Begin PBXFrameworksBuildPhase section */
		A86E7D0919BACBE0006BCAFB /* Frameworks */ = {
			isa = PBXFrameworksBuildPhase;
			buildActionMask = 2147483647;
			files = (
				FD91C61519BAD3DE00C59027 /* SystemConfiguration.framework in Frameworks */,
				FD91C61319BAD3D600C59027 /* QuartzCore.framework in Frameworks */,
				FD91C61119BAD3CF00C59027 /* OpenGLES.framework in Frameworks */,
				FD91C60F19BAD3C700C59027 /* libz.dylib in Frameworks */,
				FD91C60D19BAD3AF00C59027 /* libc++.dylib in Frameworks */,
				FD91C60B19BAD3A500C59027 /* ImageIO.framework in Frameworks */,
				FD91C60919BAD3A000C59027 /* GLKit.framework in Frameworks */,
				FD91C60719BAD39800C59027 /* CoreText.framework in Frameworks */,
				FD91C60519BAD39000C59027 /* CoreLocation.framework in Frameworks */,
				FD91C60319BAD38700C59027 /* CoreData.framework in Frameworks */,
				FD91C60119BAD38000C59027 /* AVFoundation.framework in Frameworks */,
				A86E7D1219BACBE0006BCAFB /* CoreGraphics.framework in Frameworks */,
				A86E7D1419BACBE0006BCAFB /* UIKit.framework in Frameworks */,
				FD91C5FD19BAD1AA00C59027 /* GoogleMaps.framework in Frameworks */,
				A86E7D1019BACBE0006BCAFB /* Foundation.framework in Frameworks */,
			);
			runOnlyForDeploymentPostprocessing = 0;
		};
		A86E7D2D19BACBE0006BCAFB /* Frameworks */ = {
			isa = PBXFrameworksBuildPhase;
			buildActionMask = 2147483647;
			files = (
				A86E7D3219BACBE0006BCAFB /* XCTest.framework in Frameworks */,
				A86E7D3419BACBE0006BCAFB /* UIKit.framework in Frameworks */,
				A86E7D3319BACBE0006BCAFB /* Foundation.framework in Frameworks */,
			);
			runOnlyForDeploymentPostprocessing = 0;
		};
/* End PBXFrameworksBuildPhase section */

/* Begin PBXGroup section */
		A85A752B19BC022900E3F1D8 /* Cuisine Icons */ = {
			isa = PBXGroup;
			children = (
				A85A752C19BC022900E3F1D8 /* American.png */,
				A85A752D19BC022900E3F1D8 /* Asian.png */,
				A85A752E19BC022900E3F1D8 /* Bar.png */,
				A85A752F19BC022900E3F1D8 /* Barbeque.png */,
				A85A753019BC022900E3F1D8 /* Breakfast.png */,
				A85A753119BC022900E3F1D8 /* Chinese.png */,
				A85A753219BC022900E3F1D8 /* Coffee.png */,
				A85A753319BC022900E3F1D8 /* Diner.png */,
				A85A753419BC022900E3F1D8 /* European.png */,
				A85A753519BC022900E3F1D8 /* Fast Food.png */,
				A85A753619BC022900E3F1D8 /* Indian.png */,
				A85A753719BC022900E3F1D8 /* Korean.png */,
				A85A753819BC022900E3F1D8 /* Mexican.png */,
				A85A753919BC022900E3F1D8 /* Pizza.png */,
				A85A753A19BC022900E3F1D8 /* Seafood.png */,
				A85A753B19BC022900E3F1D8 /* Steakhouse.png */,
				A85A753C19BC022900E3F1D8 /* Sushi.png */,
				A85A753D19BC022900E3F1D8 /* Thai.png */,
				A85A753E19BC022900E3F1D8 /* Vegetarian.png */,
				A85A753F19BC022900E3F1D8 /* Vietnamese.png */,
			);
			path = "Cuisine Icons";
			sourceTree = "<group>";
		};
		A86E7D0319BACBE0006BCAFB = {
			isa = PBXGroup;
			children = (
				A86E7D1519BACBE0006BCAFB /* Pitstop Pal */,
				A86E7D3719BACBE0006BCAFB /* Pitstop PalTests */,
				A86E7D0E19BACBE0006BCAFB /* Frameworks */,
				A86E7D0D19BACBE0006BCAFB /* Products */,
				8075374BB2F94052B950B0F5 /* Pods-Pitstop Pal.xcconfig */,
			);
			sourceTree = "<group>";
		};
		A86E7D0D19BACBE0006BCAFB /* Products */ = {
			isa = PBXGroup;
			children = (
				A86E7D0C19BACBE0006BCAFB /* Pitstop Pal.app */,
				A86E7D3019BACBE0006BCAFB /* Pitstop PalTests.xctest */,
			);
			name = Products;
			sourceTree = "<group>";
		};
		A86E7D0E19BACBE0006BCAFB /* Frameworks */ = {
			isa = PBXGroup;
			children = (
				A85A751819BBC94100E3F1D8 /* Podfile */,
				FD91C61419BAD3DE00C59027 /* SystemConfiguration.framework */,
				FD91C61219BAD3D600C59027 /* QuartzCore.framework */,
				FD91C61019BAD3CF00C59027 /* OpenGLES.framework */,
				FD91C60E19BAD3C700C59027 /* libz.dylib */,
				FD91C60C19BAD3AF00C59027 /* libc++.dylib */,
				FD91C60A19BAD3A500C59027 /* ImageIO.framework */,
				FD91C60819BAD3A000C59027 /* GLKit.framework */,
				FD91C60619BAD39800C59027 /* CoreText.framework */,
				FD91C60419BAD39000C59027 /* CoreLocation.framework */,
				FD91C60219BAD38700C59027 /* CoreData.framework */,
				FD91C60019BAD38000C59027 /* AVFoundation.framework */,
				A86E7D0F19BACBE0006BCAFB /* Foundation.framework */,
				A86E7D1119BACBE0006BCAFB /* CoreGraphics.framework */,
				A86E7D1319BACBE0006BCAFB /* UIKit.framework */,
				A86E7D3119BACBE0006BCAFB /* XCTest.framework */,
				905489049E4048108CF3F9CB /* libPods-Pitstop Pal.a */,
			);
			name = Frameworks;
			sourceTree = "<group>";
		};
		A86E7D1519BACBE0006BCAFB /* Pitstop Pal */ = {
			isa = PBXGroup;
			children = (
				A86E7D1E19BACBE0006BCAFB /* AppDelegate.h */,
				A86E7D1F19BACBE0006BCAFB /* AppDelegate.m */,
				A8679E7519BC93B600F2F83F /* AFNetworking.h */,
				A86E7DCD19BB312E006BCAFB /* Main.storyboard */,
				A86E7D2419BACBE0006BCAFB /* MainViewController.h */,
				A86E7D2519BACBE0006BCAFB /* MainViewController.m */,
				A86E7D2719BACBE0006BCAFB /* FlipsideViewController.h */,
				A86E7D2819BACBE0006BCAFB /* FlipsideViewController.m */,
				A85A752819BBF2B600E3F1D8 /* DrivingViewController.h */,
				A85A752919BBF2B600E3F1D8 /* DrivingViewController.m */,
				A85A755C19BC577D00E3F1D8 /* GoogMapsController.h */,
				A85A755D19BC577D00E3F1D8 /* GoogMapsController.m */,
				A85A752019BBEE5D00E3F1D8 /* FoodPitstop.h */,
				A85A752119BBEE5D00E3F1D8 /* FoodPitstop.m */,
				A85A751A19BBEE3D00E3F1D8 /* GasPitstop.h */,
				A85A751B19BBEE3D00E3F1D8 /* GasPitstop.m */,
				A8679E7219BC85F800F2F83F /* addressToLatLon.h */,
				A8679E7319BC85F800F2F83F /* addressToLatLon.m */,
				A85A751C19BBEE3D00E3F1D8 /* PitStop.h */,
				A85A751D19BBEE3D00E3F1D8 /* PitStop.m */,
				A86E7D2A19BACBE0006BCAFB /* Images.xcassets */,
				A86E7D1619BACBE0006BCAFB /* Supporting Files */,
				FD91C5FE19BAD35400C59027 /* GoogleMaps.bundle */,
				FD91C5FC19BAD1AA00C59027 /* GoogleMaps.framework */,
			);
			path = "Pitstop Pal";
			sourceTree = "<group>";
		};
		A86E7D1619BACBE0006BCAFB /* Supporting Files */ = {
			isa = PBXGroup;
			children = (
				DECD594219BB1BC300951DFD /* Resources */,
				A86E7D1719BACBE0006BCAFB /* Pitstop Pal-Info.plist */,
				A86E7D1819BACBE0006BCAFB /* InfoPlist.strings */,
				A86E7D1B19BACBE0006BCAFB /* main.m */,
				A86E7D1D19BACBE0006BCAFB /* Pitstop Pal-Prefix.pch */,
			);
			name = "Supporting Files";
			sourceTree = "<group>";
		};
		A86E7D3719BACBE0006BCAFB /* Pitstop PalTests */ = {
			isa = PBXGroup;
			children = (
				A86E7D3D19BACBE0006BCAFB /* Pitstop_PalTests.m */,
				A86E7D3819BACBE0006BCAFB /* Supporting Files */,
			);
			path = "Pitstop PalTests";
			sourceTree = "<group>";
		};
		A86E7D3819BACBE0006BCAFB /* Supporting Files */ = {
			isa = PBXGroup;
			children = (
				A86E7D3919BACBE0006BCAFB /* Pitstop PalTests-Info.plist */,
				A86E7D3A19BACBE0006BCAFB /* InfoPlist.strings */,
			);
			name = "Supporting Files";
			sourceTree = "<group>";
		};
		DECD592519BB1BAF00951DFD /* Non-driving State Icons */ = {
			isa = PBXGroup;
			children = (
				DECD592619BB1BAF00951DFD /* blueButtonBackground1.png */,
				DECD592719BB1BAF00951DFD /* greenBackgroundButton1.png */,
				DECD592819BB1BAF00951DFD /* roadtrip1.jpg */,
				DECD592919BB1BAF00951DFD /* settings1.png */,
			);
			path = "Non-driving State Icons";
			sourceTree = "<group>";
		};
		DECD594219BB1BC300951DFD /* Resources */ = {
			isa = PBXGroup;
			children = (
				A85A755A19BC537400E3F1D8 /* yelpStars.jpg */,
				A85A755419BC335700E3F1D8 /* checkMark.png */,
				A85A755819BC4B3D00E3F1D8 /* fiat.png */,
				A85A755619BC4AE000E3F1D8 /* fiats.png */,
				A86E7DD719BB33E6006BCAFB /* Sample_map.png */,
				A86E7DD319BB31D1006BCAFB /* in-n-out-logo.jpg */,
				A86E7DD419BB31D1006BCAFB /* shell_logo.png */,
				A86E7DCF19BB3156006BCAFB /* arrow-icon-left.png */,
				A86E7DD019BB3156006BCAFB /* arrow-icon-right.png */,
				A85A752B19BC022900E3F1D8 /* Cuisine Icons */,
				DECD592519BB1BAF00951DFD /* Non-driving State Icons */,
			);
			name = Resources;
			sourceTree = "<group>";
		};
/* End PBXGroup section */

/* Begin PBXNativeTarget section */
		A86E7D0B19BACBE0006BCAFB /* Pitstop Pal */ = {
			isa = PBXNativeTarget;
			buildConfigurationList = A86E7D4119BACBE0006BCAFB /* Build configuration list for PBXNativeTarget "Pitstop Pal" */;
			buildPhases = (
				47808BB9421648A89EBDBCC0 /* Check Pods Manifest.lock */,
				A86E7D0819BACBE0006BCAFB /* Sources */,
				A86E7D0919BACBE0006BCAFB /* Frameworks */,
				A86E7D0A19BACBE0006BCAFB /* Resources */,
				9333614F7EE54625BB602D72 /* Copy Pods Resources */,
			);
			buildRules = (
			);
			dependencies = (
			);
			name = "Pitstop Pal";
			productName = "Pitstop Pal";
			productReference = A86E7D0C19BACBE0006BCAFB /* Pitstop Pal.app */;
			productType = "com.apple.product-type.application";
		};
		A86E7D2F19BACBE0006BCAFB /* Pitstop PalTests */ = {
			isa = PBXNativeTarget;
			buildConfigurationList = A86E7D4419BACBE0006BCAFB /* Build configuration list for PBXNativeTarget "Pitstop PalTests" */;
			buildPhases = (
				A86E7D2C19BACBE0006BCAFB /* Sources */,
				A86E7D2D19BACBE0006BCAFB /* Frameworks */,
				A86E7D2E19BACBE0006BCAFB /* Resources */,
			);
			buildRules = (
			);
			dependencies = (
				A86E7D3619BACBE0006BCAFB /* PBXTargetDependency */,
			);
			name = "Pitstop PalTests";
			productName = "Pitstop PalTests";
			productReference = A86E7D3019BACBE0006BCAFB /* Pitstop PalTests.xctest */;
			productType = "com.apple.product-type.bundle.unit-test";
		};
/* End PBXNativeTarget section */

/* Begin PBXProject section */
		A86E7D0419BACBE0006BCAFB /* Project object */ = {
			isa = PBXProject;
			attributes = {
				LastUpgradeCheck = 0510;
				ORGANIZATIONNAME = "MHACKS PV";
				TargetAttributes = {
					A86E7D2F19BACBE0006BCAFB = {
						TestTargetID = A86E7D0B19BACBE0006BCAFB;
					};
				};
			};
			buildConfigurationList = A86E7D0719BACBE0006BCAFB /* Build configuration list for PBXProject "Pitstop Pal" */;
			compatibilityVersion = "Xcode 3.2";
			developmentRegion = English;
			hasScannedForEncodings = 0;
			knownRegions = (
				en,
				Base,
			);
			mainGroup = A86E7D0319BACBE0006BCAFB;
			productRefGroup = A86E7D0D19BACBE0006BCAFB /* Products */;
			projectDirPath = "";
			projectRoot = "";
			targets = (
				A86E7D0B19BACBE0006BCAFB /* Pitstop Pal */,
				A86E7D2F19BACBE0006BCAFB /* Pitstop PalTests */,
			);
		};
/* End PBXProject section */

/* Begin PBXResourcesBuildPhase section */
		A86E7D0A19BACBE0006BCAFB /* Resources */ = {
			isa = PBXResourcesBuildPhase;
			buildActionMask = 2147483647;
			files = (
				A85A754A19BC022900E3F1D8 /* Indian.png in Resources */,
				DECD593F19BB1BAF00951DFD /* greenBackgroundButton1.png in Resources */,
				A85A754019BC022900E3F1D8 /* American.png in Resources */,
				A86E7DD119BB3156006BCAFB /* arrow-icon-left.png in Resources */,
				A86E7DD519BB31D1006BCAFB /* in-n-out-logo.jpg in Resources */,
				A86E7DD819BB33E6006BCAFB /* Sample_map.png in Resources */,
				A86E7DD619BB31D1006BCAFB /* shell_logo.png in Resources */,
				A85A755219BC022900E3F1D8 /* Vegetarian.png in Resources */,
				A85A754C19BC022900E3F1D8 /* Mexican.png in Resources */,
				A85A754519BC022900E3F1D8 /* Chinese.png in Resources */,
				A85A754319BC022900E3F1D8 /* Barbeque.png in Resources */,
				A85A755919BC4B3D00E3F1D8 /* fiat.png in Resources */,
				A86E7DCE19BB312E006BCAFB /* Main.storyboard in Resources */,
				DECD593E19BB1BAF00951DFD /* blueButtonBackground1.png in Resources */,
				A85A754D19BC022900E3F1D8 /* Pizza.png in Resources */,
				A85A754819BC022900E3F1D8 /* European.png in Resources */,
				A85A754119BC022900E3F1D8 /* Asian.png in Resources */,
				A85A755319BC022900E3F1D8 /* Vietnamese.png in Resources */,
				A85A754E19BC022900E3F1D8 /* Seafood.png in Resources */,
				A85A754F19BC022900E3F1D8 /* Steakhouse.png in Resources */,
				A85A754719BC022900E3F1D8 /* Diner.png in Resources */,
				A85A754919BC022900E3F1D8 /* Fast Food.png in Resources */,
				A86E7DD219BB3156006BCAFB /* arrow-icon-right.png in Resources */,
				A85A754B19BC022900E3F1D8 /* Korean.png in Resources */,
				A86E7D2B19BACBE0006BCAFB /* Images.xcassets in Resources */,
				A85A755519BC335700E3F1D8 /* checkMark.png in Resources */,
				A85A754619BC022900E3F1D8 /* Coffee.png in Resources */,
				A85A755719BC4AE000E3F1D8 /* fiats.png in Resources */,
				DECD594119BB1BAF00951DFD /* settings1.png in Resources */,
				A85A755119BC022900E3F1D8 /* Thai.png in Resources */,
				DECD594019BB1BAF00951DFD /* roadtrip1.jpg in Resources */,
				A85A755B19BC537400E3F1D8 /* yelpStars.jpg in Resources */,
				A86E7D1A19BACBE0006BCAFB /* InfoPlist.strings in Resources */,
				A85A755019BC022900E3F1D8 /* Sushi.png in Resources */,
				A85A754419BC022900E3F1D8 /* Breakfast.png in Resources */,
				FD91C5FF19BAD35400C59027 /* GoogleMaps.bundle in Resources */,
				A85A754219BC022900E3F1D8 /* Bar.png in Resources */,
			);
			runOnlyForDeploymentPostprocessing = 0;
		};
		A86E7D2E19BACBE0006BCAFB /* Resources */ = {
			isa = PBXResourcesBuildPhase;
			buildActionMask = 2147483647;
			files = (
				A86E7D3C19BACBE0006BCAFB /* InfoPlist.strings in Resources */,
			);
			runOnlyForDeploymentPostprocessing = 0;
		};
/* End PBXResourcesBuildPhase section */

/* Begin PBXShellScriptBuildPhase section */
		47808BB9421648A89EBDBCC0 /* Check Pods Manifest.lock */ = {
			isa = PBXShellScriptBuildPhase;
			buildActionMask = 2147483647;
			files = (
			);
			inputPaths = (
			);
			name = "Check Pods Manifest.lock";
			outputPaths = (
			);
			runOnlyForDeploymentPostprocessing = 0;
			shellPath = /bin/sh;
			shellScript = "diff \"${PODS_ROOT}/../Podfile.lock\" \"${PODS_ROOT}/Manifest.lock\" > /dev/null\nif [[ $? != 0 ]] ; then\n    cat << EOM\nerror: The sandbox is not in sync with the Podfile.lock. Run 'pod install' or update your CocoaPods installation.\nEOM\n    exit 1\nfi\n";
			showEnvVarsInLog = 0;
		};
		9333614F7EE54625BB602D72 /* Copy Pods Resources */ = {
			isa = PBXShellScriptBuildPhase;
			buildActionMask = 2147483647;
			files = (
			);
			inputPaths = (
			);
			name = "Copy Pods Resources";
			outputPaths = (
			);
			runOnlyForDeploymentPostprocessing = 0;
			shellPath = /bin/sh;
			shellScript = "\"${SRCROOT}/Pods/Pods-Pitstop Pal-resources.sh\"\n";
			showEnvVarsInLog = 0;
		};
/* End PBXShellScriptBuildPhase section */

/* Begin PBXSourcesBuildPhase section */
		A86E7D0819BACBE0006BCAFB /* Sources */ = {
			isa = PBXSourcesBuildPhase;
			buildActionMask = 2147483647;
			files = (
				A85A755E19BC577D00E3F1D8 /* GoogMapsController.m in Sources */,
				A86E7D2019BACBE0006BCAFB /* AppDelegate.m in Sources */,
				A85A751E19BBEE3D00E3F1D8 /* GasPitstop.m in Sources */,
				A85A751F19BBEE3D00E3F1D8 /* PitStop.m in Sources */,
				A86E7D2619BACBE0006BCAFB /* MainViewController.m in Sources */,
				A8679E7419BC85F800F2F83F /* addressToLatLon.m in Sources */,
				A85A752219BBEE5D00E3F1D8 /* FoodPitstop.m in Sources */,
				A86E7D2919BACBE0006BCAFB /* FlipsideViewController.m in Sources */,
				A85A752A19BBF2B600E3F1D8 /* DrivingViewController.m in Sources */,
				A86E7D1C19BACBE0006BCAFB /* main.m in Sources */,
			);
			runOnlyForDeploymentPostprocessing = 0;
		};
		A86E7D2C19BACBE0006BCAFB /* Sources */ = {
			isa = PBXSourcesBuildPhase;
			buildActionMask = 2147483647;
			files = (
				A86E7D3E19BACBE0006BCAFB /* Pitstop_PalTests.m in Sources */,
			);
			runOnlyForDeploymentPostprocessing = 0;
		};
/* End PBXSourcesBuildPhase section */

/* Begin PBXTargetDependency section */
		A86E7D3619BACBE0006BCAFB /* PBXTargetDependency */ = {
			isa = PBXTargetDependency;
			target = A86E7D0B19BACBE0006BCAFB /* Pitstop Pal */;
			targetProxy = A86E7D3519BACBE0006BCAFB /* PBXContainerItemProxy */;
		};
/* End PBXTargetDependency section */

/* Begin PBXVariantGroup section */
		A86E7D1819BACBE0006BCAFB /* InfoPlist.strings */ = {
			isa = PBXVariantGroup;
			children = (
				A86E7D1919BACBE0006BCAFB /* en */,
			);
			name = InfoPlist.strings;
			sourceTree = "<group>";
		};
		A86E7D3A19BACBE0006BCAFB /* InfoPlist.strings */ = {
			isa = PBXVariantGroup;
			children = (
				A86E7D3B19BACBE0006BCAFB /* en */,
			);
			name = InfoPlist.strings;
			sourceTree = "<group>";
		};
/* End PBXVariantGroup section */

/* Begin XCBuildConfiguration section */
		A86E7D3F19BACBE0006BCAFB /* Debug */ = {
			isa = XCBuildConfiguration;
			buildSettings = {
				ALWAYS_SEARCH_USER_PATHS = NO;
				CLANG_CXX_LANGUAGE_STANDARD = "gnu++0x";
				CLANG_CXX_LIBRARY = "libc++";
				CLANG_ENABLE_MODULES = YES;
				CLANG_ENABLE_OBJC_ARC = YES;
				CLANG_WARN_BOOL_CONVERSION = YES;
				CLANG_WARN_CONSTANT_CONVERSION = YES;
				CLANG_WARN_DIRECT_OBJC_ISA_USAGE = YES_ERROR;
				CLANG_WARN_EMPTY_BODY = YES;
				CLANG_WARN_ENUM_CONVERSION = YES;
				CLANG_WARN_INT_CONVERSION = YES;
				CLANG_WARN_OBJC_ROOT_CLASS = YES_ERROR;
				CLANG_WARN__DUPLICATE_METHOD_MATCH = YES;
				"CODE_SIGN_IDENTITY[sdk=iphoneos*]" = "iPhone Developer";
				COPY_PHASE_STRIP = NO;
				GCC_C_LANGUAGE_STANDARD = gnu99;
				GCC_DYNAMIC_NO_PIC = NO;
				GCC_OPTIMIZATION_LEVEL = 0;
				GCC_PREPROCESSOR_DEFINITIONS = (
					"DEBUG=1",
					"$(inherited)",
				);
				GCC_SYMBOLS_PRIVATE_EXTERN = NO;
				GCC_WARN_64_TO_32_BIT_CONVERSION = YES;
				GCC_WARN_ABOUT_RETURN_TYPE = YES_ERROR;
				GCC_WARN_UNDECLARED_SELECTOR = YES;
				GCC_WARN_UNINITIALIZED_AUTOS = YES_AGGRESSIVE;
				GCC_WARN_UNUSED_FUNCTION = YES;
				GCC_WARN_UNUSED_VARIABLE = YES;
				IPHONEOS_DEPLOYMENT_TARGET = 7.1;
				ONLY_ACTIVE_ARCH = YES;
				"OTHER_LDFLAGS[arch=*]" = "-ObjC";
				SDKROOT = iphoneos;
			};
			name = Debug;
		};
		A86E7D4019BACBE0006BCAFB /* Release */ = {
			isa = XCBuildConfiguration;
			buildSettings = {
				ALWAYS_SEARCH_USER_PATHS = NO;
				CLANG_CXX_LANGUAGE_STANDARD = "gnu++0x";
				CLANG_CXX_LIBRARY = "libc++";
				CLANG_ENABLE_MODULES = YES;
				CLANG_ENABLE_OBJC_ARC = YES;
				CLANG_WARN_BOOL_CONVERSION = YES;
				CLANG_WARN_CONSTANT_CONVERSION = YES;
				CLANG_WARN_DIRECT_OBJC_ISA_USAGE = YES_ERROR;
				CLANG_WARN_EMPTY_BODY = YES;
				CLANG_WARN_ENUM_CONVERSION = YES;
				CLANG_WARN_INT_CONVERSION = YES;
				CLANG_WARN_OBJC_ROOT_CLASS = YES_ERROR;
				CLANG_WARN__DUPLICATE_METHOD_MATCH = YES;
				"CODE_SIGN_IDENTITY[sdk=iphoneos*]" = "iPhone Developer";
				COPY_PHASE_STRIP = YES;
				ENABLE_NS_ASSERTIONS = NO;
				GCC_C_LANGUAGE_STANDARD = gnu99;
				GCC_WARN_64_TO_32_BIT_CONVERSION = YES;
				GCC_WARN_ABOUT_RETURN_TYPE = YES_ERROR;
				GCC_WARN_UNDECLARED_SELECTOR = YES;
				GCC_WARN_UNINITIALIZED_AUTOS = YES_AGGRESSIVE;
				GCC_WARN_UNUSED_FUNCTION = YES;
				GCC_WARN_UNUSED_VARIABLE = YES;
				IPHONEOS_DEPLOYMENT_TARGET = 7.1;
				"OTHER_LDFLAGS[arch=*]" = "-ObjC";
				SDKROOT = iphoneos;
				VALIDATE_PRODUCT = YES;
			};
			name = Release;
		};
		A86E7D4219BACBE0006BCAFB /* Debug */ = {
			isa = XCBuildConfiguration;
			baseConfigurationReference = 8075374BB2F94052B950B0F5 /* Pods-Pitstop Pal.xcconfig */;
			buildSettings = {
				ASSETCATALOG_COMPILER_APPICON_NAME = "";
				ASSETCATALOG_COMPILER_LAUNCHIMAGE_NAME = LaunchImage;
				FRAMEWORK_SEARCH_PATHS = (
					"$(inherited)",
					"\"$(PROJECT_DIR)/Pitstop Pal\"",
				);
				GCC_PRECOMPILE_PREFIX_HEADER = YES;
				GCC_PREFIX_HEADER = "Pitstop Pal/Pitstop Pal-Prefix.pch";
				INFOPLIST_FILE = "Pitstop Pal/Pitstop Pal-Info.plist";
				PRODUCT_NAME = "$(TARGET_NAME)";
				WRAPPER_EXTENSION = app;
			};
			name = Debug;
		};
		A86E7D4319BACBE0006BCAFB /* Release */ = {
			isa = XCBuildConfiguration;
			baseConfigurationReference = 8075374BB2F94052B950B0F5 /* Pods-Pitstop Pal.xcconfig */;
			buildSettings = {
				ASSETCATALOG_COMPILER_APPICON_NAME = "";
				ASSETCATALOG_COMPILER_LAUNCHIMAGE_NAME = LaunchImage;
				FRAMEWORK_SEARCH_PATHS = (
					"$(inherited)",
					"\"$(PROJECT_DIR)/Pitstop Pal\"",
				);
				GCC_PRECOMPILE_PREFIX_HEADER = YES;
				GCC_PREFIX_HEADER = "Pitstop Pal/Pitstop Pal-Prefix.pch";
				INFOPLIST_FILE = "Pitstop Pal/Pitstop Pal-Info.plist";
				PRODUCT_NAME = "$(TARGET_NAME)";
				WRAPPER_EXTENSION = app;
			};
			name = Release;
		};
		A86E7D4519BACBE0006BCAFB /* Debug */ = {
			isa = XCBuildConfiguration;
			buildSettings = {
				BUNDLE_LOADER = "$(BUILT_PRODUCTS_DIR)/Pitstop Pal.app/Pitstop Pal";
				FRAMEWORK_SEARCH_PATHS = (
					"$(SDKROOT)/Developer/Library/Frameworks",
					"$(inherited)",
					"$(DEVELOPER_FRAMEWORKS_DIR)",
				);
				GCC_PRECOMPILE_PREFIX_HEADER = YES;
				GCC_PREFIX_HEADER = "Pitstop Pal/Pitstop Pal-Prefix.pch";
				GCC_PREPROCESSOR_DEFINITIONS = (
					"DEBUG=1",
					"$(inherited)",
				);
				INFOPLIST_FILE = "Pitstop PalTests/Pitstop PalTests-Info.plist";
				PRODUCT_NAME = "$(TARGET_NAME)";
				TEST_HOST = "$(BUNDLE_LOADER)";
				WRAPPER_EXTENSION = xctest;
			};
			name = Debug;
		};
		A86E7D4619BACBE0006BCAFB /* Release */ = {
			isa = XCBuildConfiguration;
			buildSettings = {
				BUNDLE_LOADER = "$(BUILT_PRODUCTS_DIR)/Pitstop Pal.app/Pitstop Pal";
				FRAMEWORK_SEARCH_PATHS = (
					"$(SDKROOT)/Developer/Library/Frameworks",
					"$(inherited)",
					"$(DEVELOPER_FRAMEWORKS_DIR)",
				);
				GCC_PRECOMPILE_PREFIX_HEADER = YES;
				GCC_PREFIX_HEADER = "Pitstop Pal/Pitstop Pal-Prefix.pch";
				INFOPLIST_FILE = "Pitstop PalTests/Pitstop PalTests-Info.plist";
				PRODUCT_NAME = "$(TARGET_NAME)";
				TEST_HOST = "$(BUNDLE_LOADER)";
				WRAPPER_EXTENSION = xctest;
			};
			name = Release;
		};
/* End XCBuildConfiguration section */

/* Begin XCConfigurationList section */
		A86E7D0719BACBE0006BCAFB /* Build configuration list for PBXProject "Pitstop Pal" */ = {
			isa = XCConfigurationList;
			buildConfigurations = (
				A86E7D3F19BACBE0006BCAFB /* Debug */,
				A86E7D4019BACBE0006BCAFB /* Release */,
			);
			defaultConfigurationIsVisible = 0;
			defaultConfigurationName = Release;
		};
		A86E7D4119BACBE0006BCAFB /* Build configuration list for PBXNativeTarget "Pitstop Pal" */ = {
			isa = XCConfigurationList;
			buildConfigurations = (
				A86E7D4219BACBE0006BCAFB /* Debug */,
				A86E7D4319BACBE0006BCAFB /* Release */,
			);
			defaultConfigurationIsVisible = 0;
			defaultConfigurationName = Release;
		};
		A86E7D4419BACBE0006BCAFB /* Build configuration list for PBXNativeTarget "Pitstop PalTests" */ = {
			isa = XCConfigurationList;
			buildConfigurations = (
				A86E7D4519BACBE0006BCAFB /* Debug */,
				A86E7D4619BACBE0006BCAFB /* Release */,
			);
			defaultConfigurationIsVisible = 0;
			defaultConfigurationName = Release;
		};
/* End XCConfigurationList section */
	};
	rootObject = A86E7D0419BACBE0006BCAFB /* Project object */;
}
